
Microsoft Visual Studio Solution File, Format Version 12.00
# Visual Studio Version 17
VisualStudioVersion = 17.4.33213.308
MinimumVisualStudioVersion = 10.0.40219.1
Project("{FAE04EC0-301F-11D3-BF4B-00C04F79EFBC}") = "SpotifyPlaylistSync", "SpotifyPlaylistSync\SpotifyPlaylistSync.csproj", "{C9AF28FF-BE09-4166-8034-5688CF684F33}"
EndProject
Project("{9A19103F-16F7-4668-BE54-9A1E7A4F7556}") = "SpotifyPlaylistDownloader", "SpotifyPlaylistDownloader\SpotifyPlaylistDownloader.csproj", "{8B4D8300-F5FA-45AB-91BB-DDAEC804A88E}"
EndProject
Global
	GlobalSection(SolutionConfigurationPlatforms) = preSolution
		Debug|Any CPU = Debug|Any CPU
		Release|Any CPU = Release|Any CPU
	EndGlobalSection
	GlobalSection(ProjectConfigurationPlatforms) = postSolution
		{C9AF28FF-BE09-4166-8034-5688CF684F33}.Debug|Any CPU.ActiveCfg = Debug|Any CPU
		{C9AF28FF-BE09-4166-8034-5688CF684F33}.Debug|Any CPU.Build.0 = Debug|Any CPU
		{C9AF28FF-BE09-4166-8034-5688CF684F33}.Release|Any CPU.ActiveCfg = Release|Any CPU
		{C9AF28FF-BE09-4166-8034-5688CF684F33}.Release|Any CPU.Build.0 = Release|Any CPU
		{8B4D8300-F5FA-45AB-91BB-DDAEC804A88E}.Debug|Any CPU.ActiveCfg = Debug|Any CPU
		{8B4D8300-F5FA-45AB-91BB-DDAEC804A88E}.Debug|Any CPU.Build.0 = Debug|Any CPU
		{8B4D8300-F5FA-45AB-91BB-DDAEC804A88E}.Release|Any CPU.ActiveCfg = Release|Any CPU
		{8B4D8300-F5FA-45AB-91BB-DDAEC804A88E}.Release|Any CPU.Build.0 = Release|Any CPU
	EndGlobalSection
	GlobalSection(SolutionProperties) = preSolution
		HideSolutionNode = FALSE
	EndGlobalSection
	GlobalSection(ExtensibilityGlobals) = postSolution
		SolutionGuid = {EAA50628-4D4E-4CAB-B3B9-61933EE9F743}
	EndGlobalSection
EndGlobal
